
Microsoft Visual Studio Solution File, Format Version 12.00
# Visual Studio Version 16
VisualStudioVersion = 16.0.29209.62
MinimumVisualStudioVersion = 10.0.40219.1
Project("{FAE04EC0-301F-11D3-BF4B-00C04F79EFBC}") = "SilverTrading2", "SilverTrading2\SilverTrading2.csproj", "{775CB502-E096-4A1C-8EA3-E7B1561C2885}"
EndProject
Global
	GlobalSection(SolutionConfigurationPlatforms) = preSolution
		Debug|Any CPU = Debug|Any CPU
		Release|Any CPU = Release|Any CPU
	EndGlobalSection
	GlobalSection(ProjectConfigurationPlatforms) = postSolution
		{775CB502-E096-4A1C-8EA3-E7B1561C2885}.Debug|Any CPU.ActiveCfg = Debug|Any CPU
		{775CB502-E096-4A1C-8EA3-E7B1561C2885}.Debug|Any CPU.Build.0 = Debug|Any CPU
		{775CB502-E096-4A1C-8EA3-E7B1561C2885}.Release|Any CPU.ActiveCfg = Release|Any CPU
		{775CB502-E096-4A1C-8EA3-E7B1561C2885}.Release|Any CPU.Build.0 = Release|Any CPU
	EndGlobalSection
	GlobalSection(SolutionProperties) = preSolution
		HideSolutionNode = FALSE
	EndGlobalSection
	GlobalSection(ExtensibilityGlobals) = postSolution
		SolutionGuid = {291CCE92-43E4-45C2-8885-3C6DF649189D}
	EndGlobalSection
EndGlobal
